github.com/tom2almighty/hugo-narrow v1.2.2 h1:Ar+lnlsbJK3UTIFPX0sVUrOYVUafrzewiS4eRQbq2QQ=
github.com/tom2almighty/hugo-narrow v1.2.2/go.mod h1:YvHbIcF9m4GNhyFZdMpbc7SsHTrbVAWd2g0F/dHs6d4=
github.com/tom2almighty/hugo-narrow v1.2.3 h1:xoryiE4fZ3DFNCK+LADho3pjbjK+/UJrDpuBDNlrfB8=
github.com/tom2almighty/hugo-narrow v1.2.3/go.mod h1:YvHbIcF9m4GNhyFZdMpbc7SsHTrbVAWd2g0F/dHs6d4=
github.com/tom2almighty/hugo-narrow v1.3.1 h1:pEsdJcGfyokG2Y4g8Nhj8dGH/sO8SHnyTNEOICUvRVI=
github.com/tom2almighty/hugo-narrow v1.3.1/go.mod h1:YvHbIcF9m4GNhyFZdMpbc7SsHTrbVAWd2g0F/dHs6d4=
