github.com/tom2almighty/hugo-narrow v1.2.2 h1:Ar+lnlsbJK3UTIFPX0sVUrOYVUafrzewiS4eRQbq2QQ=
github.com/tom2almighty/hugo-narrow v1.2.2/go.mod h1:YvHbIcF9m4GNhyFZdMpbc7SsHTrbVAWd2g0F/dHs6d4=
github.com/tom2almighty/hugo-narrow v1.2.3 h1:xoryiE4fZ3DFNCK+LADho3pjbjK+/UJrDpuBDNlrfB8=
github.com/tom2almighty/hugo-narrow v1.2.3/go.mod h1:YvHbIcF9m4GNhyFZdMpbc7SsHTrbVAWd2g0F/dHs6d4=
github.com/tom2almighty/hugo-narrow v1.3.1 h1:pEsdJcGfyokG2Y4g8Nhj8dGH/sO8SHnyTNEOICUvRVI=
github.com/tom2almighty/hugo-narrow v1.3.1/go.mod h1:YvHbIcF9m4GNhyFZdMpbc7SsHTrbVAWd2g0F/dHs6d4=
github.com/tom2almighty/hugo-narrow v1.3.4 h1:nt0dLK4SZoCIR/8Zi1lGJwOmxXh0jypoelEyfUW8ldM=
github.com/tom2almighty/hugo-narrow v1.3.4/go.mod h1:YvHbIcF9m4GNhyFZdMpbc7SsHTrbVAWd2g0F/dHs6d4=
github.com/tom2almighty/hugo-narrow v1.3.5 h1:CUw+fwaXKTFR2YyG6iA4v2+5EW764F4Y+6wQODqxSQo=
github.com/tom2almighty/hugo-narrow v1.3.5/go.mod h1:YvHbIcF9m4GNhyFZdMpbc7SsHTrbVAWd2g0F/dHs6d4=
github.com/tom2almighty/hugo-narrow v1.3.6 h1:8uxEiQayfsxP146h6MdsmOWEXoZMaVzD7S6GHBMVySg=
github.com/tom2almighty/hugo-narrow v1.3.6/go.mod h1:YvHbIcF9m4GNhyFZdMpbc7SsHTrbVAWd2g0F/dHs6d4=
